{
  "name": "spfcheckiod043eb99",
  "version": "2.0.0",
  "lockfileVersion": 2,
  "requires": true,
  "packages": {
    "": {
      "name": "spfcheckiod043eb99",
      "version": "2.0.0",
      "license": "Apache-2.0",
      "dependencies": {
        "spf-validator": "^0.2.0"
      },
      "devDependencies": {
        "@types/aws-lambda": "^8.10.92"
      }
    },
    "node_modules/@types/aws-lambda": {
      "version": "8.10.104",
      "resolved": "https://registry.npmjs.org/@types/aws-lambda/-/aws-lambda-8.10.104.tgz",
      "integrity": "sha512-HXZJH8aBa06re9NCtFudOr21izYZycgXIVjd8vFBSNSf6Ca4GYD77TfKqwYgcDqv4olqj5KK+Ks7Xi5IXFbNGA==",
      "dev": true
    },
    "node_modules/spf-validator": {
      "version": "0.2.0",
      "resolved": "https://registry.npmjs.org/spf-validator/-/spf-validator-0.2.0.tgz",
      "integrity": "sha512-CTBpSlz3M7MI37tAItVF/wfCmrSD92BDnubFFG/ViUGf0FJdtIiItiWZfqoepOoeMq06dN152Ihuuqw5PunxxA==",
      "dependencies": {
        "underscore": "^1.8.3"
      }
    },
    "node_modules/underscore": {
      "version": "1.13.4",
      "resolved": "https://registry.npmjs.org/underscore/-/underscore-1.13.4.tgz",
      "integrity": "sha512-BQFnUDuAQ4Yf/cYY5LNrK9NCJFKriaRbD9uR1fTeXnBeoa97W0i41qkZfGO9pSo8I5KzjAcSY2XYtdf0oKd7KQ=="
    }
  },
  "dependencies": {
    "@types/aws-lambda": {
      "version": "8.10.104",
      "resolved": "https://registry.npmjs.org/@types/aws-lambda/-/aws-lambda-8.10.104.tgz",
      "integrity": "sha512-HXZJH8aBa06re9NCtFudOr21izYZycgXIVjd8vFBSNSf6Ca4GYD77TfKqwYgcDqv4olqj5KK+Ks7Xi5IXFbNGA==",
      "dev": true
    },
    "spf-validator": {
      "version": "0.2.0",
      "resolved": "https://registry.npmjs.org/spf-validator/-/spf-validator-0.2.0.tgz",
      "integrity": "sha512-CTBpSlz3M7MI37tAItVF/wfCmrSD92BDnubFFG/ViUGf0FJdtIiItiWZfqoepOoeMq06dN152Ihuuqw5PunxxA==",
      "requires": {
        "underscore": "^1.8.3"
      }
    },
    "underscore": {
      "version": "1.13.4",
      "resolved": "https://registry.npmjs.org/underscore/-/underscore-1.13.4.tgz",
      "integrity": "sha512-BQFnUDuAQ4Yf/cYY5LNrK9NCJFKriaRbD9uR1fTeXnBeoa97W0i41qkZfGO9pSo8I5KzjAcSY2XYtdf0oKd7KQ=="
    }
  }
}
